
Microsoft Visual Studio Solution File, Format Version 12.00
# Visual Studio Version 17
VisualStudioVersion = 17.0.31903.59
MinimumVisualStudioVersion = 10.0.40219.1
Project("{2150E333-8FDC-42A3-9474-1A3956D46DE8}") = "src", "src", "{827E0CD3-B72D-47B6-A68D-7590B98EB39B}"
EndProject
Project("{FAE04EC0-301F-11D3-BF4B-00C04F79EFBC}") = "Omp.Core", "src\Omp.Core\Omp.Core.csproj", "{2E878280-69F7-4754-8ADA-0B58DA023C16}"
EndProject
Project("{2150E333-8FDC-42A3-9474-1A3956D46DE8}") = "tests", "tests", "{0AB3BF05-4346-4AA6-1389-037BE0695223}"
EndProject
Project("{FAE04EC0-301F-11D3-BF4B-00C04F79EFBC}") = "Omp.Core.Tests", "tests\Omp.Core.Tests\Omp.Core.Tests.csproj", "{653DF7CB-7B53-400A-8714-671B238FC192}"
EndProject
Project("{FAE04EC0-301F-11D3-BF4B-00C04F79EFBC}") = "OhMyPi.VisualStudio.UI", "src\OhMyPi.VisualStudio.UI\OhMyPi.VisualStudio.UI.csproj", "{677F793F-887E-4687-9DAA-8757A50B4194}"
EndProject
Project("{FAE04EC0-301F-11D3-BF4B-00C04F79EFBC}") = "OhMyPi.VisualStudio.UI.Tests", "tests\OhMyPi.VisualStudio.UI.Tests\OhMyPi.VisualStudio.UI.Tests.csproj", "{DAB601CF-947F-4866-AE3B-590B485571A3}"
EndProject
Project("{FAE04EC0-301F-11D3-BF4B-00C04F79EFBC}") = "OhMyPi.VisualStudio", "src\OhMyPi.VisualStudio\OhMyPi.VisualStudio.csproj", "{4C3601C5-143F-4989-8D05-90CB00AE955B}"
EndProject
Project("{FAE04EC0-301F-11D3-BF4B-00C04F79EFBC}") = "OhMyPi.VisualStudio.Tests", "tests\OhMyPi.VisualStudio.Tests\OhMyPi.VisualStudio.Tests.csproj", "{EC1F3977-1D32-4E20-B665-0457039B0A9E}"
EndProject
Global
	GlobalSection(SolutionConfigurationPlatforms) = preSolution
		Debug|Any CPU = Debug|Any CPU
		Debug|x64 = Debug|x64
		Debug|x86 = Debug|x86
		Release|Any CPU = Release|Any CPU
		Release|x64 = Release|x64
		Release|x86 = Release|x86
	EndGlobalSection
	GlobalSection(ProjectConfigurationPlatforms) = postSolution
		{2E878280-69F7-4754-8ADA-0B58DA023C16}.Debug|Any CPU.ActiveCfg = Debug|Any CPU
		{2E878280-69F7-4754-8ADA-0B58DA023C16}.Debug|Any CPU.Build.0 = Debug|Any CPU
		{2E878280-69F7-4754-8ADA-0B58DA023C16}.Debug|x64.ActiveCfg = Debug|Any CPU
		{2E878280-69F7-4754-8ADA-0B58DA023C16}.Debug|x64.Build.0 = Debug|Any CPU
		{2E878280-69F7-4754-8ADA-0B58DA023C16}.Debug|x86.ActiveCfg = Debug|Any CPU
		{2E878280-69F7-4754-8ADA-0B58DA023C16}.Debug|x86.Build.0 = Debug|Any CPU
		{2E878280-69F7-4754-8ADA-0B58DA023C16}.Release|Any CPU.ActiveCfg = Release|Any CPU
		{2E878280-69F7-4754-8ADA-0B58DA023C16}.Release|Any CPU.Build.0 = Release|Any CPU
		{2E878280-69F7-4754-8ADA-0B58DA023C16}.Release|x64.ActiveCfg = Release|Any CPU
		{2E878280-69F7-4754-8ADA-0B58DA023C16}.Release|x64.Build.0 = Release|Any CPU
		{2E878280-69F7-4754-8ADA-0B58DA023C16}.Release|x86.ActiveCfg = Release|Any CPU
		{2E878280-69F7-4754-8ADA-0B58DA023C16}.Release|x86.Build.0 = Release|Any CPU
		{653DF7CB-7B53-400A-8714-671B238FC192}.Debug|Any CPU.ActiveCfg = Debug|Any CPU
		{653DF7CB-7B53-400A-8714-671B238FC192}.Debug|Any CPU.Build.0 = Debug|Any CPU
		{653DF7CB-7B53-400A-8714-671B238FC192}.Debug|x64.ActiveCfg = Debug|Any CPU
		{653DF7CB-7B53-400A-8714-671B238FC192}.Debug|x64.Build.0 = Debug|Any CPU
		{653DF7CB-7B53-400A-8714-671B238FC192}.Debug|x86.ActiveCfg = Debug|Any CPU
		{653DF7CB-7B53-400A-8714-671B238FC192}.Debug|x86.Build.0 = Debug|Any CPU
		{653DF7CB-7B53-400A-8714-671B238FC192}.Release|Any CPU.ActiveCfg = Release|Any CPU
		{653DF7CB-7B53-400A-8714-671B238FC192}.Release|Any CPU.Build.0 = Release|Any CPU
		{653DF7CB-7B53-400A-8714-671B238FC192}.Release|x64.ActiveCfg = Release|Any CPU
		{653DF7CB-7B53-400A-8714-671B238FC192}.Release|x64.Build.0 = Release|Any CPU
		{653DF7CB-7B53-400A-8714-671B238FC192}.Release|x86.ActiveCfg = Release|Any CPU
		{653DF7CB-7B53-400A-8714-671B238FC192}.Release|x86.Build.0 = Release|Any CPU
		{677F793F-887E-4687-9DAA-8757A50B4194}.Debug|Any CPU.ActiveCfg = Debug|Any CPU
		{677F793F-887E-4687-9DAA-8757A50B4194}.Debug|Any CPU.Build.0 = Debug|Any CPU
		{677F793F-887E-4687-9DAA-8757A50B4194}.Debug|x64.ActiveCfg = Debug|Any CPU
		{677F793F-887E-4687-9DAA-8757A50B4194}.Debug|x64.Build.0 = Debug|Any CPU
		{677F793F-887E-4687-9DAA-8757A50B4194}.Debug|x86.ActiveCfg = Debug|Any CPU
		{677F793F-887E-4687-9DAA-8757A50B4194}.Debug|x86.Build.0 = Debug|Any CPU
		{677F793F-887E-4687-9DAA-8757A50B4194}.Release|Any CPU.ActiveCfg = Release|Any CPU
		{677F793F-887E-4687-9DAA-8757A50B4194}.Release|Any CPU.Build.0 = Release|Any CPU
		{677F793F-887E-4687-9DAA-8757A50B4194}.Release|x64.ActiveCfg = Release|Any CPU
		{677F793F-887E-4687-9DAA-8757A50B4194}.Release|x64.Build.0 = Release|Any CPU
		{677F793F-887E-4687-9DAA-8757A50B4194}.Release|x86.ActiveCfg = Release|Any CPU
		{677F793F-887E-4687-9DAA-8757A50B4194}.Release|x86.Build.0 = Release|Any CPU
		{DAB601CF-947F-4866-AE3B-590B485571A3}.Debug|Any CPU.ActiveCfg = Debug|Any CPU
		{DAB601CF-947F-4866-AE3B-590B485571A3}.Debug|Any CPU.Build.0 = Debug|Any CPU
		{DAB601CF-947F-4866-AE3B-590B485571A3}.Debug|x64.ActiveCfg = Debug|Any CPU
		{DAB601CF-947F-4866-AE3B-590B485571A3}.Debug|x64.Build.0 = Debug|Any CPU
		{DAB601CF-947F-4866-AE3B-590B485571A3}.Debug|x86.ActiveCfg = Debug|Any CPU
		{DAB601CF-947F-4866-AE3B-590B485571A3}.Debug|x86.Build.0 = Debug|Any CPU
		{DAB601CF-947F-4866-AE3B-590B485571A3}.Release|Any CPU.ActiveCfg = Release|Any CPU
		{DAB601CF-947F-4866-AE3B-590B485571A3}.Release|Any CPU.Build.0 = Release|Any CPU
		{DAB601CF-947F-4866-AE3B-590B485571A3}.Release|x64.ActiveCfg = Release|Any CPU
		{DAB601CF-947F-4866-AE3B-590B485571A3}.Release|x64.Build.0 = Release|Any CPU
		{DAB601CF-947F-4866-AE3B-590B485571A3}.Release|x86.ActiveCfg = Release|Any CPU
		{DAB601CF-947F-4866-AE3B-590B485571A3}.Release|x86.Build.0 = Release|Any CPU
		{4C3601C5-143F-4989-8D05-90CB00AE955B}.Debug|Any CPU.ActiveCfg = Debug|Any CPU
		{4C3601C5-143F-4989-8D05-90CB00AE955B}.Debug|Any CPU.Build.0 = Debug|Any CPU
		{4C3601C5-143F-4989-8D05-90CB00AE955B}.Debug|x64.ActiveCfg = Debug|Any CPU
		{4C3601C5-143F-4989-8D05-90CB00AE955B}.Debug|x64.Build.0 = Debug|Any CPU
		{4C3601C5-143F-4989-8D05-90CB00AE955B}.Debug|x86.ActiveCfg = Debug|Any CPU
		{4C3601C5-143F-4989-8D05-90CB00AE955B}.Debug|x86.Build.0 = Debug|Any CPU
		{4C3601C5-143F-4989-8D05-90CB00AE955B}.Release|Any CPU.ActiveCfg = Release|Any CPU
		{4C3601C5-143F-4989-8D05-90CB00AE955B}.Release|Any CPU.Build.0 = Release|Any CPU
		{4C3601C5-143F-4989-8D05-90CB00AE955B}.Release|x64.ActiveCfg = Release|Any CPU
		{4C3601C5-143F-4989-8D05-90CB00AE955B}.Release|x64.Build.0 = Release|Any CPU
		{4C3601C5-143F-4989-8D05-90CB00AE955B}.Release|x86.ActiveCfg = Release|Any CPU
		{4C3601C5-143F-4989-8D05-90CB00AE955B}.Release|x86.Build.0 = Release|Any CPU
		{EC1F3977-1D32-4E20-B665-0457039B0A9E}.Debug|Any CPU.ActiveCfg = Debug|Any CPU
		{EC1F3977-1D32-4E20-B665-0457039B0A9E}.Debug|Any CPU.Build.0 = Debug|Any CPU
		{EC1F3977-1D32-4E20-B665-0457039B0A9E}.Debug|x64.ActiveCfg = Debug|Any CPU
		{EC1F3977-1D32-4E20-B665-0457039B0A9E}.Debug|x64.Build.0 = Debug|Any CPU
		{EC1F3977-1D32-4E20-B665-0457039B0A9E}.Debug|x86.ActiveCfg = Debug|Any CPU
		{EC1F3977-1D32-4E20-B665-0457039B0A9E}.Debug|x86.Build.0 = Debug|Any CPU
		{EC1F3977-1D32-4E20-B665-0457039B0A9E}.Release|Any CPU.ActiveCfg = Release|Any CPU
		{EC1F3977-1D32-4E20-B665-0457039B0A9E}.Release|Any CPU.Build.0 = Release|Any CPU
		{EC1F3977-1D32-4E20-B665-0457039B0A9E}.Release|x64.ActiveCfg = Release|Any CPU
		{EC1F3977-1D32-4E20-B665-0457039B0A9E}.Release|x64.Build.0 = Release|Any CPU
		{EC1F3977-1D32-4E20-B665-0457039B0A9E}.Release|x86.ActiveCfg = Release|Any CPU
		{EC1F3977-1D32-4E20-B665-0457039B0A9E}.Release|x86.Build.0 = Release|Any CPU
	EndGlobalSection
	GlobalSection(SolutionProperties) = preSolution
		HideSolutionNode = FALSE
	EndGlobalSection
	GlobalSection(NestedProjects) = preSolution
		{2E878280-69F7-4754-8ADA-0B58DA023C16} = {827E0CD3-B72D-47B6-A68D-7590B98EB39B}
		{653DF7CB-7B53-400A-8714-671B238FC192} = {0AB3BF05-4346-4AA6-1389-037BE0695223}
		{677F793F-887E-4687-9DAA-8757A50B4194} = {827E0CD3-B72D-47B6-A68D-7590B98EB39B}
		{DAB601CF-947F-4866-AE3B-590B485571A3} = {0AB3BF05-4346-4AA6-1389-037BE0695223}
		{4C3601C5-143F-4989-8D05-90CB00AE955B} = {827E0CD3-B72D-47B6-A68D-7590B98EB39B}
		{EC1F3977-1D32-4E20-B665-0457039B0A9E} = {0AB3BF05-4346-4AA6-1389-037BE0695223}
	EndGlobalSection
EndGlobal
